
Microsoft Visual Studio Solution File, Format Version 12.00
# Visual Studio Version 17
VisualStudioVersion = 17.0.31903.59
MinimumVisualStudioVersion = 10.0.40219.1
Project("{2150E333-8FDC-42A3-9474-1A3956D46DE8}") = "src", "src", "{4AF709ED-D98D-43E0-A91B-E3866CDB93AE}"
EndProject
Project("{FAE04EC0-301F-11D3-BF4B-00C04F79EFBC}") = "PupaMVCF.Framework", "src\PupaMVCF.Framework\PupaMVCF.Framework.csproj", "{B2EB249E-DDB9-411C-9E97-0828537160A7}"
EndProject
Project("{FAE04EC0-301F-11D3-BF4B-00C04F79EFBC}") = "PupaMVCF.Framework.Tests", "src\PupaMVCF.Framework.Tests\PupaMVCF.Framework.Tests.csproj", "{7BCB8B2B-69F9-49DF-8EB0-03D866CEE815}"
EndProject
Project("{FAE04EC0-301F-11D3-BF4B-00C04F79EFBC}") = "PupaMVCF.ExampleProcess", "src\PupaMVCF.ExampleProcess\PupaMVCF.ExampleProcess.csproj", "{F95D06CA-1190-47DF-A3FA-E141A74B9BF8}"
EndProject
Project("{FAE04EC0-301F-11D3-BF4B-00C04F79EFBC}") = "PupaMVCF.ExampleMacroProcess", "src\PupaMVCF.ExampleMacroProcess\PupaMVCF.ExampleMacroProcess.csproj", "{B718DD81-3617-4E5B-947D-60688289127D}"
EndProject
Project("{FAE04EC0-301F-11D3-BF4B-00C04F79EFBC}") = "PupaMVCF.Web.Template", "src\PupaMVCF.Web.Template\PupaMVCF.Web.Template.csproj", "{7B3880E0-85CC-4AD1-A34F-3AAA2D993537}"
EndProject
Global
	GlobalSection(SolutionProperties) = preSolution
		HideSolutionNode = FALSE
	EndGlobalSection
	GlobalSection(SolutionConfigurationPlatforms) = preSolution
		Debug|Any CPU = Debug|Any CPU
		Debug|x64 = Debug|x64
		Debug|x86 = Debug|x86
		Release|Any CPU = Release|Any CPU
		Release|x64 = Release|x64
		Release|x86 = Release|x86
	EndGlobalSection
	GlobalSection(ProjectConfigurationPlatforms) = postSolution
		{B2EB249E-DDB9-411C-9E97-0828537160A7}.Debug|Any CPU.ActiveCfg = Debug|Any CPU
		{B2EB249E-DDB9-411C-9E97-0828537160A7}.Debug|Any CPU.Build.0 = Debug|Any CPU
		{B2EB249E-DDB9-411C-9E97-0828537160A7}.Debug|x64.ActiveCfg = Debug|Any CPU
		{B2EB249E-DDB9-411C-9E97-0828537160A7}.Debug|x64.Build.0 = Debug|Any CPU
		{B2EB249E-DDB9-411C-9E97-0828537160A7}.Debug|x86.ActiveCfg = Debug|Any CPU
		{B2EB249E-DDB9-411C-9E97-0828537160A7}.Debug|x86.Build.0 = Debug|Any CPU
		{B2EB249E-DDB9-411C-9E97-0828537160A7}.Release|Any CPU.ActiveCfg = Release|Any CPU
		{B2EB249E-DDB9-411C-9E97-0828537160A7}.Release|Any CPU.Build.0 = Release|Any CPU
		{B2EB249E-DDB9-411C-9E97-0828537160A7}.Release|x64.ActiveCfg = Release|Any CPU
		{B2EB249E-DDB9-411C-9E97-0828537160A7}.Release|x64.Build.0 = Release|Any CPU
		{B2EB249E-DDB9-411C-9E97-0828537160A7}.Release|x86.ActiveCfg = Release|Any CPU
		{B2EB249E-DDB9-411C-9E97-0828537160A7}.Release|x86.Build.0 = Release|Any CPU
		{7BCB8B2B-69F9-49DF-8EB0-03D866CEE815}.Debug|Any CPU.ActiveCfg = Debug|Any CPU
		{7BCB8B2B-69F9-49DF-8EB0-03D866CEE815}.Debug|Any CPU.Build.0 = Debug|Any CPU
		{7BCB8B2B-69F9-49DF-8EB0-03D866CEE815}.Debug|x64.ActiveCfg = Debug|Any CPU
		{7BCB8B2B-69F9-49DF-8EB0-03D866CEE815}.Debug|x64.Build.0 = Debug|Any CPU
		{7BCB8B2B-69F9-49DF-8EB0-03D866CEE815}.Debug|x86.ActiveCfg = Debug|Any CPU
		{7BCB8B2B-69F9-49DF-8EB0-03D866CEE815}.Debug|x86.Build.0 = Debug|Any CPU
		{7BCB8B2B-69F9-49DF-8EB0-03D866CEE815}.Release|Any CPU.ActiveCfg = Release|Any CPU
		{7BCB8B2B-69F9-49DF-8EB0-03D866CEE815}.Release|Any CPU.Build.0 = Release|Any CPU
		{7BCB8B2B-69F9-49DF-8EB0-03D866CEE815}.Release|x64.ActiveCfg = Release|Any CPU
		{7BCB8B2B-69F9-49DF-8EB0-03D866CEE815}.Release|x64.Build.0 = Release|Any CPU
		{7BCB8B2B-69F9-49DF-8EB0-03D866CEE815}.Release|x86.ActiveCfg = Release|Any CPU
		{7BCB8B2B-69F9-49DF-8EB0-03D866CEE815}.Release|x86.Build.0 = Release|Any CPU
		{F95D06CA-1190-47DF-A3FA-E141A74B9BF8}.Debug|Any CPU.ActiveCfg = Debug|Any CPU
		{F95D06CA-1190-47DF-A3FA-E141A74B9BF8}.Debug|Any CPU.Build.0 = Debug|Any CPU
		{F95D06CA-1190-47DF-A3FA-E141A74B9BF8}.Debug|x64.ActiveCfg = Debug|Any CPU
		{F95D06CA-1190-47DF-A3FA-E141A74B9BF8}.Debug|x64.Build.0 = Debug|Any CPU
		{F95D06CA-1190-47DF-A3FA-E141A74B9BF8}.Debug|x86.ActiveCfg = Debug|Any CPU
		{F95D06CA-1190-47DF-A3FA-E141A74B9BF8}.Debug|x86.Build.0 = Debug|Any CPU
		{F95D06CA-1190-47DF-A3FA-E141A74B9BF8}.Release|Any CPU.ActiveCfg = Release|Any CPU
		{F95D06CA-1190-47DF-A3FA-E141A74B9BF8}.Release|Any CPU.Build.0 = Release|Any CPU
		{F95D06CA-1190-47DF-A3FA-E141A74B9BF8}.Release|x64.ActiveCfg = Release|Any CPU
		{F95D06CA-1190-47DF-A3FA-E141A74B9BF8}.Release|x64.Build.0 = Release|Any CPU
		{F95D06CA-1190-47DF-A3FA-E141A74B9BF8}.Release|x86.ActiveCfg = Release|Any CPU
		{F95D06CA-1190-47DF-A3FA-E141A74B9BF8}.Release|x86.Build.0 = Release|Any CPU
		{B718DD81-3617-4E5B-947D-60688289127D}.Debug|Any CPU.ActiveCfg = Debug|Any CPU
		{B718DD81-3617-4E5B-947D-60688289127D}.Debug|Any CPU.Build.0 = Debug|Any CPU
		{B718DD81-3617-4E5B-947D-60688289127D}.Debug|x64.ActiveCfg = Debug|Any CPU
		{B718DD81-3617-4E5B-947D-60688289127D}.Debug|x64.Build.0 = Debug|Any CPU
		{B718DD81-3617-4E5B-947D-60688289127D}.Debug|x86.ActiveCfg = Debug|Any CPU
		{B718DD81-3617-4E5B-947D-60688289127D}.Debug|x86.Build.0 = Debug|Any CPU
		{B718DD81-3617-4E5B-947D-60688289127D}.Release|Any CPU.ActiveCfg = Release|Any CPU
		{B718DD81-3617-4E5B-947D-60688289127D}.Release|Any CPU.Build.0 = Release|Any CPU
		{B718DD81-3617-4E5B-947D-60688289127D}.Release|x64.ActiveCfg = Release|Any CPU
		{B718DD81-3617-4E5B-947D-60688289127D}.Release|x64.Build.0 = Release|Any CPU
		{B718DD81-3617-4E5B-947D-60688289127D}.Release|x86.ActiveCfg = Release|Any CPU
		{B718DD81-3617-4E5B-947D-60688289127D}.Release|x86.Build.0 = Release|Any CPU
		{7B3880E0-85CC-4AD1-A34F-3AAA2D993537}.Debug|Any CPU.ActiveCfg = Debug|Any CPU
		{7B3880E0-85CC-4AD1-A34F-3AAA2D993537}.Debug|Any CPU.Build.0 = Debug|Any CPU
		{7B3880E0-85CC-4AD1-A34F-3AAA2D993537}.Debug|x64.ActiveCfg = Debug|Any CPU
		{7B3880E0-85CC-4AD1-A34F-3AAA2D993537}.Debug|x64.Build.0 = Debug|Any CPU
		{7B3880E0-85CC-4AD1-A34F-3AAA2D993537}.Debug|x86.ActiveCfg = Debug|Any CPU
		{7B3880E0-85CC-4AD1-A34F-3AAA2D993537}.Debug|x86.Build.0 = Debug|Any CPU
		{7B3880E0-85CC-4AD1-A34F-3AAA2D993537}.Release|Any CPU.ActiveCfg = Release|Any CPU
		{7B3880E0-85CC-4AD1-A34F-3AAA2D993537}.Release|Any CPU.Build.0 = Release|Any CPU
		{7B3880E0-85CC-4AD1-A34F-3AAA2D993537}.Release|x64.ActiveCfg = Release|Any CPU
		{7B3880E0-85CC-4AD1-A34F-3AAA2D993537}.Release|x64.Build.0 = Release|Any CPU
		{7B3880E0-85CC-4AD1-A34F-3AAA2D993537}.Release|x86.ActiveCfg = Release|Any CPU
		{7B3880E0-85CC-4AD1-A34F-3AAA2D993537}.Release|x86.Build.0 = Release|Any CPU
	EndGlobalSection
	GlobalSection(NestedProjects) = preSolution
		{B2EB249E-DDB9-411C-9E97-0828537160A7} = {4AF709ED-D98D-43E0-A91B-E3866CDB93AE}
		{7BCB8B2B-69F9-49DF-8EB0-03D866CEE815} = {4AF709ED-D98D-43E0-A91B-E3866CDB93AE}
		{F95D06CA-1190-47DF-A3FA-E141A74B9BF8} = {4AF709ED-D98D-43E0-A91B-E3866CDB93AE}
		{B718DD81-3617-4E5B-947D-60688289127D} = {4AF709ED-D98D-43E0-A91B-E3866CDB93AE}
		{7B3880E0-85CC-4AD1-A34F-3AAA2D993537} = {4AF709ED-D98D-43E0-A91B-E3866CDB93AE}
	EndGlobalSection
EndGlobal
